{
  "version": 1,
  "dependencies": {
    ".NETStandard,Version=v2.1": {
      "LLamaSharp": {
        "type": "Direct",
        "requested": "[0.24.0, )",
        "resolved": "0.24.0",
        "contentHash": "5XCPHVpaQ+FHnn7lLiGUdLyCT6uPdDNZ+N7MyV9lFVm43jkprYG/uI8XuTlOFMCCkeodyjfYeowlZh5XGZ3+wQ==",
        "dependencies": {
          "CommunityToolkit.HighPerformance": "8.4.0",
          "Microsoft.Bcl.AsyncInterfaces": "9.0.3",
          "Microsoft.Extensions.AI.Abstractions": "9.5.0-preview.1.25262.9",
          "Microsoft.Extensions.Logging.Abstractions": "9.0.3",
          "System.Linq.Async": "6.0.1",
          "System.Numerics.Tensors": "9.0.3",
          "System.Text.Json": "9.0.0"
        }
      },
      "LLamaSharp.Backend.Cpu": {
        "type": "Direct",
        "requested": "[0.24.0, )",
        "resolved": "0.24.0",
        "contentHash": "B5uUhRdhQKeiBShqMy+x+6QKDYd9TOOTR6LstdHfGxmS+2Qh+mETBlIcau7ya/17EHf8bDjeReWVIG/zZ02AKQ=="
      },
      "CommunityToolkit.HighPerformance": {
        "type": "Transitive",
        "resolved": "8.4.0",
        "contentHash": "flxspiBs0G/0GMp7IK2J2ijV9bTG6hEwFc/z6ekHqB6nwRJ4Ry2yLdx+TkbCUYFCl4XhABkAwomeKbT6zM2Zlg==",
        "dependencies": {
          "System.Runtime.CompilerServices.Unsafe": "6.1.0"
        }
      },
      "Microsoft.Bcl.AsyncInterfaces": {
        "type": "Transitive",
        "resolved": "9.0.3",
        "contentHash": "oFFX9Ls8dnNUBCD9yzRzHTY8tqvv+CiX43B8L8DjrM8BqYTAlORYaJf6+KXNtSC2bD1135yV8OxzcZFaluow5w=="
      },
      "Microsoft.Bcl.Numerics": {
        "type": "Transitive",
        "resolved": "9.0.3",
        "contentHash": "OJMoGSvTJjek9UPpm2m4BBk6uYeoeJnwVW98imzuIS3JrJm50/oB667e8IM/vtdUdE6kihzHppiqI6ZBncr50w=="
      },
      "Microsoft.Extensions.AI.Abstractions": {
        "type": "Transitive",
        "resolved": "9.5.0-preview.1.25262.9",
        "contentHash": "b1IL+YciwqRkSCL1W6B4a99Ho4Oxu7yBkp8ykUleD58/tiFgeajVL84VaichMEnt8YRLt61dh89dwJEcdy1lgg==",
        "dependencies": {
          "System.Text.Json": "8.0.5"
        }
      },
      "Microsoft.Extensions.DependencyInjection.Abstractions": {
        "type": "Transitive",
        "resolved": "9.0.3",
        "contentHash": "TfaHPSe39NyL2wxkisRxXK7xvHGZYBZ+dy3r+mqGvnxKgAPdHkMu3QMQZI4pquP6W5FIQBqs8FJpWV8ffCgDqQ=="
      },
      "Microsoft.Extensions.Logging.Abstractions": {
        "type": "Transitive",
        "resolved": "9.0.3",
        "contentHash": "H/MBMLt9A/69Ux4OrV7oCKt3DcMT04o5SCqDolulzQA66TLFEpYYb4qedMs/uwrLtyHXGuDGWKZse/oa8W9AZw==",
        "dependencies": {
          "Microsoft.Extensions.DependencyInjection.Abstractions": "9.0.3",
          "System.Buffers": "4.5.1",
          "System.Diagnostics.DiagnosticSource": "9.0.3",
          "System.Memory": "4.5.5"
        }
      },
      "System.Buffers": {
        "type": "Transitive",
        "resolved": "4.5.1",
        "contentHash": "Rw7ijyl1qqRS0YQD/WycNst8hUUMgrMH4FCn1nNm27M4VxchZ1js3fVjQaANHO5f3sN4isvP4a+Met9Y4YomAg=="
      },
      "System.Diagnostics.DiagnosticSource": {
        "type": "Transitive",
        "resolved": "9.0.3",
        "contentHash": "cBA+28xDW33tSiGht/H8xvr8lnaCrgJ7EdO348AfSGsX4PPJUOULKxny/cc9DVNGExaCrtqagsnm5M2mkWIZ+g==",
        "dependencies": {
          "System.Memory": "4.5.5",
          "System.Runtime.CompilerServices.Unsafe": "6.0.0"
        }
      },
      "System.IO.Pipelines": {
        "type": "Transitive",
        "resolved": "9.0.0",
        "contentHash": "eA3cinogwaNB4jdjQHOP3Z3EuyiDII7MT35jgtnsA4vkn0LUrrSHsU0nzHTzFzmaFYeKV7MYyMxOocFzsBHpTw==",
        "dependencies": {
          "System.Buffers": "4.5.1",
          "System.Memory": "4.5.5",
          "System.Threading.Tasks.Extensions": "4.5.4"
        }
      },
      "System.Linq.Async": {
        "type": "Transitive",
        "resolved": "6.0.1",
        "contentHash": "0YhHcaroWpQ9UCot3Pizah7ryAzQhNvobLMSxeDIGmnXfkQn8u5owvpOH0K6EVB+z9L7u6Cc4W17Br/+jyttEQ=="
      },
      "System.Memory": {
        "type": "Transitive",
        "resolved": "4.5.5",
        "contentHash": "XIWiDvKPXaTveaB7HVganDlOCRoj03l+jrwNvcge/t8vhGYKvqV+dMv6G4SAX2NoNmN0wZfVPTAlFwZcZvVOUw==",
        "dependencies": {
          "System.Buffers": "4.5.1",
          "System.Numerics.Vectors": "4.4.0",
          "System.Runtime.CompilerServices.Unsafe": "4.5.3"
        }
      },
      "System.Numerics.Tensors": {
        "type": "Transitive",
        "resolved": "9.0.3",
        "contentHash": "XnOUXX5va9ZtSIFuMrXeaJ0RPImEYXvJvhMQoAYAqppGgazuoI2inkMp77F1j8exEiHDj7omD7dPeqh+Nd1ZYA==",
        "dependencies": {
          "Microsoft.Bcl.Numerics": "9.0.3",
          "System.Memory": "4.5.5"
        }
      },
      "System.Numerics.Vectors": {
        "type": "Transitive",
        "resolved": "4.4.0",
        "contentHash": "UiLzLW+Lw6HLed1Hcg+8jSRttrbuXv7DANVj0DkL9g6EnnzbL75EB7EWsw5uRbhxd/4YdG8li5XizGWepmG3PQ=="
      },
      "System.Runtime.CompilerServices.Unsafe": {
        "type": "Transitive",
        "resolved": "6.1.0",
        "contentHash": "5o/HZxx6RVqYlhKSq8/zronDkALJZUT2Vz0hx43f0gwe8mwlM0y2nYlqdBwLMzr262Bwvpikeb/yEwkAa5PADg=="
      },
      "System.Text.Encodings.Web": {
        "type": "Transitive",
        "resolved": "9.0.0",
        "contentHash": "e2hMgAErLbKyUUwt18qSBf9T5Y+SFAL3ZedM8fLupkVj8Rj2PZ9oxQ37XX2LF8fTO1wNIxvKpihD7Of7D/NxZw==",
        "dependencies": {
          "System.Buffers": "4.5.1",
          "System.Memory": "4.5.5",
          "System.Runtime.CompilerServices.Unsafe": "6.0.0"
        }
      },
      "System.Text.Json": {
        "type": "Transitive",
        "resolved": "9.0.0",
        "contentHash": "js7+qAu/9mQvnhA4EfGMZNEzXtJCDxgkgj8ohuxq/Qxv+R56G+ljefhiJHOxTNiw54q8vmABCWUwkMulNdlZ4A==",
        "dependencies": {
          "Microsoft.Bcl.AsyncInterfaces": "9.0.0",
          "System.Buffers": "4.5.1",
          "System.IO.Pipelines": "9.0.0",
          "System.Memory": "4.5.5",
          "System.Runtime.CompilerServices.Unsafe": "6.0.0",
          "System.Text.Encodings.Web": "9.0.0",
          "System.Threading.Tasks.Extensions": "4.5.4"
        }
      },
      "System.Threading.Tasks.Extensions": {
        "type": "Transitive",
        "resolved": "4.5.4",
        "contentHash": "zteT+G8xuGu6mS+mzDzYXbzS7rd3K6Fjb9RiZlYlJPam2/hU7JCBZBVEcywNuR+oZ1ncTvc/cq0faRr3P01OVg==",
        "dependencies": {
          "System.Runtime.CompilerServices.Unsafe": "4.5.3"
        }
      }
    }
  }
}